// !$*UTF8*$!
{
	archiveVersion = 1;
	classes = {
	};
	objectVersion = 46;
	objects = {

/* Begin PBXBuildFile section */
		0CC6A5C423C54FEB90F1F37A /* Pods.framework in Frameworks */ = {isa = PBXBuildFile; fileRef = 5F4773246FE2DD15AE74D4BE /* Pods.framework */; };
		39A189F41BEE9CF000239E49 /* AppDelegate.swift in Sources */ = {isa = PBXBuildFile; fileRef = 39A189F31BEE9CF000239E49 /* AppDelegate.swift */; };
		39A189F61BEE9CF000239E49 /* ViewController.swift in Sources */ = {isa = PBXBuildFile; fileRef = 39A189F51BEE9CF000239E49 /* ViewController.swift */; };
		39A189F91BEE9CF000239E49 /* Main.storyboard in Resources */ = {isa = PBXBuildFile; fileRef = 39A189F71BEE9CF000239E49 /* Main.storyboard */; };
		39A189FB1BEE9CF000239E49 /* Assets.xcassets in Resources */ = {isa = PBXBuildFile; fileRef = 39A189FA1BEE9CF000239E49 /* Assets.xcassets */; };
		39A189FE1BEE9CF000239E49 /* LaunchScreen.storyboard in Resources */ = {isa = PBXBuildFile; fileRef = 39A189FC1BEE9CF000239E49 /* LaunchScreen.storyboard */; };
		39A18A0A1BEEA44100239E49 /* tweets.json in Resources */ = {isa = PBXBuildFile; fileRef = 39A18A081BEEA44100239E49 /* tweets.json */; };
		39A18A0D1BEEA69200239E49 /* Models.swift in Sources */ = {isa = PBXBuildFile; fileRef = 39A18A0C1BEEA69200239E49 /* Models.swift */; };
		39A18A0F1BEEA6EA00239E49 /* ModelProvider.swift in Sources */ = {isa = PBXBuildFile; fileRef = 39A18A0E1BEEA6EA00239E49 /* ModelProvider.swift */; };
		39A18A131BEEAF7B00239E49 /* TweetTableViewCell.swift in Sources */ = {isa = PBXBuildFile; fileRef = 39A18A111BEEAF7B00239E49 /* TweetTableViewCell.swift */; };
		39A18A141BEEAF7B00239E49 /* TweetTableViewCell.xib in Resources */ = {isa = PBXBuildFile; fileRef = 39A18A121BEEAF7B00239E49 /* TweetTableViewCell.xib */; };
/* End PBXBuildFile section */

/* Begin PBXFileReference section */
		39A189F01BEE9CF000239E49 /* Tweets.app */ = {isa = PBXFileReference; explicitFileType = wrapper.application; includeInIndex = 0; path = Tweets.app; sourceTree = BUILT_PRODUCTS_DIR; };
		39A189F31BEE9CF000239E49 /* AppDelegate.swift */ = {isa = PBXFileReference; lastKnownFileType = sourcecode.swift; path = AppDelegate.swift; sourceTree = "<group>"; };
		39A189F51BEE9CF000239E49 /* ViewController.swift */ = {isa = PBXFileReference; lastKnownFileType = sourcecode.swift; path = ViewController.swift; sourceTree = "<group>"; };
		39A189F81BEE9CF000239E49 /* Base */ = {isa = PBXFileReference; lastKnownFileType = file.storyboard; name = Base; path = Base.lproj/Main.storyboard; sourceTree = "<group>"; };
		39A189FA1BEE9CF000239E49 /* Assets.xcassets */ = {isa = PBXFileReference; lastKnownFileType = folder.assetcatalog; path = Assets.xcassets; sourceTree = "<group>"; };
		39A189FD1BEE9CF000239E49 /* Base */ = {isa = PBXFileReference; lastKnownFileType = file.storyboard; name = Base; path = Base.lproj/LaunchScreen.storyboard; sourceTree = "<group>"; };
		39A189FF1BEE9CF000239E49 /* Info.plist */ = {isa = PBXFileReference; lastKnownFileType = text.plist.xml; path = Info.plist; sourceTree = "<group>"; };
		39A18A081BEEA44100239E49 /* tweets.json */ = {isa = PBXFileReference; fileEncoding = 4; lastKnownFileType = text.json; name = tweets.json; path = Resources/tweets.json; sourceTree = "<group>"; };
		39A18A0C1BEEA69200239E49 /* Models.swift */ = {isa = PBXFileReference; fileEncoding = 4; lastKnownFileType = sourcecode.swift; name = Models.swift; path = Models/Models.swift; sourceTree = "<group>"; };
		39A18A0E1BEEA6EA00239E49 /* ModelProvider.swift */ = {isa = PBXFileReference; fileEncoding = 4; lastKnownFileType = sourcecode.swift; name = ModelProvider.swift; path = Models/ModelProvider.swift; sourceTree = "<group>"; };
		39A18A111BEEAF7B00239E49 /* TweetTableViewCell.swift */ = {isa = PBXFileReference; fileEncoding = 4; lastKnownFileType = sourcecode.swift; name = TweetTableViewCell.swift; path = Views/TweetTableViewCell.swift; sourceTree = "<group>"; };
		39A18A121BEEAF7B00239E49 /* TweetTableViewCell.xib */ = {isa = PBXFileReference; fileEncoding = 4; lastKnownFileType = file.xib; name = TweetTableViewCell.xib; path = Views/TweetTableViewCell.xib; sourceTree = "<group>"; };
		5F4773246FE2DD15AE74D4BE /* Pods.framework */ = {isa = PBXFileReference; explicitFileType = wrapper.framework; includeInIndex = 0; path = Pods.framework; sourceTree = BUILT_PRODUCTS_DIR; };
		87353E3DB1BD8EB4AF6B79BD /* Pods.debug.xcconfig */ = {isa = PBXFileReference; includeInIndex = 1; lastKnownFileType = text.xcconfig; name = Pods.debug.xcconfig; path = "Pods/Target Support Files/Pods/Pods.debug.xcconfig"; sourceTree = "<group>"; };
		B3EBA1C5180A17553BAA79F3 /* Pods.release.xcconfig */ = {isa = PBXFileReference; includeInIndex = 1; lastKnownFileType = text.xcconfig; name = Pods.release.xcconfig; path = "Pods/Target Support Files/Pods/Pods.release.xcconfig"; sourceTree = "<group>"; };
/* End PBXFileReference section */

/* Begin PBXFrameworksBuildPhase section */
		39A189ED1BEE9CF000239E49 /* Frameworks */ = {
			isa = PBXFrameworksBuildPhase;
			buildActionMask = 2147483647;
			files = (
				0CC6A5C423C54FEB90F1F37A /* Pods.framework in Frameworks */,
			);
			runOnlyForDeploymentPostprocessing = 0;
		};
/* End PBXFrameworksBuildPhase section */

/* Begin PBXGroup section */
		39A189E71BEE9CF000239E49 = {
			isa = PBXGroup;
			children = (
				39A189F21BEE9CF000239E49 /* Tweets */,
				39A189F11BEE9CF000239E49 /* Products */,
				505EFE86448A5032E93AE677 /* Pods */,
				ACF39A0701F298EE43BDDAF7 /* Frameworks */,
			);
			sourceTree = "<group>";
		};
		39A189F11BEE9CF000239E49 /* Products */ = {
			isa = PBXGroup;
			children = (
				39A189F01BEE9CF000239E49 /* Tweets.app */,
			);
			name = Products;
			sourceTree = "<group>";
		};
		39A189F21BEE9CF000239E49 /* Tweets */ = {
			isa = PBXGroup;
			children = (
				39A18A101BEEAF6100239E49 /* Views */,
				39A18A071BEEA42B00239E49 /* Resources */,
				39A18A051BEE9D9E00239E49 /* Models */,
				39A189F31BEE9CF000239E49 /* AppDelegate.swift */,
				39A189F51BEE9CF000239E49 /* ViewController.swift */,
				39A189F71BEE9CF000239E49 /* Main.storyboard */,
				39A189FA1BEE9CF000239E49 /* Assets.xcassets */,
				39A189FC1BEE9CF000239E49 /* LaunchScreen.storyboard */,
				39A189FF1BEE9CF000239E49 /* Info.plist */,
			);
			path = Tweets;
			sourceTree = "<group>";
		};
		39A18A051BEE9D9E00239E49 /* Models */ = {
			isa = PBXGroup;
			children = (
				39A18A0C1BEEA69200239E49 /* Models.swift */,
				39A18A0E1BEEA6EA00239E49 /* ModelProvider.swift */,
			);
			name = Models;
			sourceTree = "<group>";
		};
		39A18A071BEEA42B00239E49 /* Resources */ = {
			isa = PBXGroup;
			children = (
				39A18A081BEEA44100239E49 /* tweets.json */,
			);
			name = Resources;
			sourceTree = "<group>";
		};
		39A18A101BEEAF6100239E49 /* Views */ = {
			isa = PBXGroup;
			children = (
				39A18A111BEEAF7B00239E49 /* TweetTableViewCell.swift */,
				39A18A121BEEAF7B00239E49 /* TweetTableViewCell.xib */,
			);
			name = Views;
			sourceTree = "<group>";
		};
		505EFE86448A5032E93AE677 /* Pods */ = {
			isa = PBXGroup;
			children = (
				87353E3DB1BD8EB4AF6B79BD /* Pods.debug.xcconfig */,
				B3EBA1C5180A17553BAA79F3 /* Pods.release.xcconfig */,
			);
			name = Pods;
			sourceTree = "<group>";
		};
		ACF39A0701F298EE43BDDAF7 /* Frameworks */ = {
			isa = PBXGroup;
			children = (
				5F4773246FE2DD15AE74D4BE /* Pods.framework */,
			);
			name = Frameworks;
			sourceTree = "<group>";
		};
/* End PBXGroup section */

/* Begin PBXNativeTarget section */
		39A189EF1BEE9CF000239E49 /* Tweets */ = {
			isa = PBXNativeTarget;
			buildConfigurationList = 39A18A021BEE9CF000239E49 /* Build configuration list for PBXNativeTarget "Tweets" */;
			buildPhases = (
				F0B8573DE1C9144682566343 /* Check Pods Manifest.lock */,
				39A189EC1BEE9CF000239E49 /* Sources */,
				39A189ED1BEE9CF000239E49 /* Frameworks */,
				39A189EE1BEE9CF000239E49 /* Resources */,
				778107BDF9B5F771A8FC8A40 /* Embed Pods Frameworks */,
				1E6F86A4A71C75A703445F53 /* Copy Pods Resources */,
			);
			buildRules = (
			);
			dependencies = (
			);
			name = Tweets;
			productName = Tweets;
			productReference = 39A189F01BEE9CF000239E49 /* Tweets.app */;
			productType = "com.apple.product-type.application";
		};
/* End PBXNativeTarget section */

/* Begin PBXProject section */
		39A189E81BEE9CF000239E49 /* Project object */ = {
			isa = PBXProject;
			attributes = {
				LastSwiftUpdateCheck = 0710;
				LastUpgradeCheck = 0710;
				ORGANIZATIONNAME = cjwirth;
				TargetAttributes = {
					39A189EF1BEE9CF000239E49 = {
						CreatedOnToolsVersion = 7.1;
					};
				};
			};
			buildConfigurationList = 39A189EB1BEE9CF000239E49 /* Build configuration list for PBXProject "Tweets" */;
			compatibilityVersion = "Xcode 3.2";
			developmentRegion = English;
			hasScannedForEncodings = 0;
			knownRegions = (
				en,
				Base,
			);
			mainGroup = 39A189E71BEE9CF000239E49;
			productRefGroup = 39A189F11BEE9CF000239E49 /* Products */;
			projectDirPath = "";
			projectRoot = "";
			targets = (
				39A189EF1BEE9CF000239E49 /* Tweets */,
			);
		};
/* End PBXProject section */

/* Begin PBXResourcesBuildPhase section */
		39A189EE1BEE9CF000239E49 /* Resources */ = {
			isa = PBXResourcesBuildPhase;
			buildActionMask = 2147483647;
			files = (
				39A18A141BEEAF7B00239E49 /* TweetTableViewCell.xib in Resources */,
				39A189FE1BEE9CF000239E49 /* LaunchScreen.storyboard in Resources */,
				39A189FB1BEE9CF000239E49 /* Assets.xcassets in Resources */,
				39A189F91BEE9CF000239E49 /* Main.storyboard in Resources */,
				39A18A0A1BEEA44100239E49 /* tweets.json in Resources */,
			);
			runOnlyForDeploymentPostprocessing = 0;
		};
/* End PBXResourcesBuildPhase section */

/* Begin PBXShellScriptBuildPhase section */
		1E6F86A4A71C75A703445F53 /* Copy Pods Resources */ = {
			isa = PBXShellScriptBuildPhase;
			buildActionMask = 2147483647;
			files = (
			);
			inputPaths = (
			);
			name = "Copy Pods Resources";
			outputPaths = (
			);
			runOnlyForDeploymentPostprocessing = 0;
			shellPath = /bin/sh;
			shellScript = "\"${SRCROOT}/Pods/Target Support Files/Pods/Pods-resources.sh\"\n";
			showEnvVarsInLog = 0;
		};
		778107BDF9B5F771A8FC8A40 /* Embed Pods Frameworks */ = {
			isa = PBXShellScriptBuildPhase;
			buildActionMask = 2147483647;
			files = (
			);
			inputPaths = (
			);
			name = "Embed Pods Frameworks";
			outputPaths = (
			);
			runOnlyForDeploymentPostprocessing = 0;
			shellPath = /bin/sh;
			shellScript = "\"${SRCROOT}/Pods/Target Support Files/Pods/Pods-frameworks.sh\"\n";
			showEnvVarsInLog = 0;
		};
		F0B8573DE1C9144682566343 /* Check Pods Manifest.lock */ = {
			isa = PBXShellScriptBuildPhase;
			buildActionMask = 2147483647;
			files = (
			);
			inputPaths = (
			);
			name = "Check Pods Manifest.lock";
			outputPaths = (
			);
			runOnlyForDeploymentPostprocessing = 0;
			shellPath = /bin/sh;
			shellScript = "diff \"${PODS_ROOT}/../Podfile.lock\" \"${PODS_ROOT}/Manifest.lock\" > /dev/null\nif [[ $? != 0 ]] ; then\n    cat << EOM\nerror: The sandbox is not in sync with the Podfile.lock. Run 'pod install' or update your CocoaPods installation.\nEOM\n    exit 1\nfi\n";
			showEnvVarsInLog = 0;
		};
/* End PBXShellScriptBuildPhase section */

/* Begin PBXSourcesBuildPhase section */
		39A189EC1BEE9CF000239E49 /* Sources */ = {
			isa = PBXSourcesBuildPhase;
			buildActionMask = 2147483647;
			files = (
				39A18A0D1BEEA69200239E49 /* Models.swift in Sources */,
				39A189F61BEE9CF000239E49 /* ViewController.swift in Sources */,
				39A18A0F1BEEA6EA00239E49 /* ModelProvider.swift in Sources */,
				39A18A131BEEAF7B00239E49 /* TweetTableViewCell.swift in Sources */,
				39A189F41BEE9CF000239E49 /* AppDelegate.swift in Sources */,
			);
			runOnlyForDeploymentPostprocessing = 0;
		};
/* End PBXSourcesBuildPhase section */

/* Begin PBXVariantGroup section */
		39A189F71BEE9CF000239E49 /* Main.storyboard */ = {
			isa = PBXVariantGroup;
			children = (
				39A189F81BEE9CF000239E49 /* Base */,
			);
			name = Main.storyboard;
			sourceTree = "<group>";
		};
		39A189FC1BEE9CF000239E49 /* LaunchScreen.storyboard */ = {
			isa = PBXVariantGroup;
			children = (
				39A189FD1BEE9CF000239E49 /* Base */,
			);
			name = LaunchScreen.storyboard;
			sourceTree = "<group>";
		};
/* End PBXVariantGroup section */

/* Begin XCBuildConfiguration section */
		39A18A001BEE9CF000239E49 /* Debug */ = {
			isa = XCBuildConfiguration;
			buildSettings = {
				ALWAYS_SEARCH_USER_PATHS = NO;
				CLANG_CXX_LANGUAGE_STANDARD = "gnu++0x";
				CLANG_CXX_LIBRARY = "libc++";
				CLANG_ENABLE_MODULES = YES;
				CLANG_ENABLE_OBJC_ARC = YES;
				CLANG_WARN_BOOL_CONVERSION = YES;
				CLANG_WARN_CONSTANT_CONVERSION = YES;
				CLANG_WARN_DIRECT_OBJC_ISA_USAGE = YES_ERROR;
				CLANG_WARN_EMPTY_BODY = YES;
				CLANG_WARN_ENUM_CONVERSION = YES;
				CLANG_WARN_INT_CONVERSION = YES;
				CLANG_WARN_OBJC_ROOT_CLASS = YES_ERROR;
				CLANG_WARN_UNREACHABLE_CODE = YES;
				CLANG_WARN__DUPLICATE_METHOD_MATCH = YES;
				"CODE_SIGN_IDENTITY[sdk=iphoneos*]" = "iPhone Developer";
				COPY_PHASE_STRIP = NO;
				DEBUG_INFORMATION_FORMAT = dwarf;
				ENABLE_STRICT_OBJC_MSGSEND = YES;
				ENABLE_TESTABILITY = YES;
				GCC_C_LANGUAGE_STANDARD = gnu99;
				GCC_DYNAMIC_NO_PIC = NO;
				GCC_NO_COMMON_BLOCKS = YES;
				GCC_OPTIMIZATION_LEVEL = 0;
				GCC_PREPROCESSOR_DEFINITIONS = (
					"DEBUG=1",
					"$(inherited)",
				);
				GCC_WARN_64_TO_32_BIT_CONVERSION = YES;
				GCC_WARN_ABOUT_RETURN_TYPE = YES_ERROR;
				GCC_WARN_UNDECLARED_SELECTOR = YES;
				GCC_WARN_UNINITIALIZED_AUTOS = YES_AGGRESSIVE;
				GCC_WARN_UNUSED_FUNCTION = YES;
				GCC_WARN_UNUSED_VARIABLE = YES;
				IPHONEOS_DEPLOYMENT_TARGET = 9.1;
				MTL_ENABLE_DEBUG_INFO = YES;
				ONLY_ACTIVE_ARCH = YES;
				SDKROOT = iphoneos;
				SWIFT_OPTIMIZATION_LEVEL = "-Onone";
			};
			name = Debug;
		};
		39A18A011BEE9CF000239E49 /* Release */ = {
			isa = XCBuildConfiguration;
			buildSettings = {
				ALWAYS_SEARCH_USER_PATHS = NO;
				CLANG_CXX_LANGUAGE_STANDARD = "gnu++0x";
				CLANG_CXX_LIBRARY = "libc++";
				CLANG_ENABLE_MODULES = YES;
				CLANG_ENABLE_OBJC_ARC = YES;
				CLANG_WARN_BOOL_CONVERSION = YES;
				CLANG_WARN_CONSTANT_CONVERSION = YES;
				CLANG_WARN_DIRECT_OBJC_ISA_USAGE = YES_ERROR;
				CLANG_WARN_EMPTY_BODY = YES;
				CLANG_WARN_ENUM_CONVERSION = YES;
				CLANG_WARN_INT_CONVERSION = YES;
				CLANG_WARN_OBJC_ROOT_CLASS = YES_ERROR;
				CLANG_WARN_UNREACHABLE_CODE = YES;
				CLANG_WARN__DUPLICATE_METHOD_MATCH = YES;
				"CODE_SIGN_IDENTITY[sdk=iphoneos*]" = "iPhone Developer";
				COPY_PHASE_STRIP = NO;
				DEBUG_INFORMATION_FORMAT = "dwarf-with-dsym";
				ENABLE_NS_ASSERTIONS = NO;
				ENABLE_STRICT_OBJC_MSGSEND = YES;
				GCC_C_LANGUAGE_STANDARD = gnu99;
				GCC_NO_COMMON_BLOCKS = YES;
				GCC_WARN_64_TO_32_BIT_CONVERSION = YES;
				GCC_WARN_ABOUT_RETURN_TYPE = YES_ERROR;
				GCC_WARN_UNDECLARED_SELECTOR = YES;
				GCC_WARN_UNINITIALIZED_AUTOS = YES_AGGRESSIVE;
				GCC_WARN_UNUSED_FUNCTION = YES;
				GCC_WARN_UNUSED_VARIABLE = YES;
				IPHONEOS_DEPLOYMENT_TARGET = 9.1;
				MTL_ENABLE_DEBUG_INFO = NO;
				SDKROOT = iphoneos;
				VALIDATE_PRODUCT = YES;
			};
			name = Release;
		};
		39A18A031BEE9CF000239E49 /* Debug */ = {
			isa = XCBuildConfiguration;
			baseConfigurationReference = 87353E3DB1BD8EB4AF6B79BD /* Pods.debug.xcconfig */;
			buildSettings = {
				ASSETCATALOG_COMPILER_APPICON_NAME = AppIcon;
				INFOPLIST_FILE = Tweets/Info.plist;
				LD_RUNPATH_SEARCH_PATHS = "$(inherited) @executable_path/Frameworks";
				PRODUCT_BUNDLE_IDENTIFIER = com.cjwirth.Tweets;
				PRODUCT_NAME = "$(TARGET_NAME)";
			};
			name = Debug;
		};
		39A18A041BEE9CF000239E49 /* Release */ = {
			isa = XCBuildConfiguration;
			baseConfigurationReference = B3EBA1C5180A17553BAA79F3 /* Pods.release.xcconfig */;
			buildSettings = {
				ASSETCATALOG_COMPILER_APPICON_NAME = AppIcon;
				INFOPLIST_FILE = Tweets/Info.plist;
				LD_RUNPATH_SEARCH_PATHS = "$(inherited) @executable_path/Frameworks";
				PRODUCT_BUNDLE_IDENTIFIER = com.cjwirth.Tweets;
				PRODUCT_NAME = "$(TARGET_NAME)";
			};
			name = Release;
		};
/* End XCBuildConfiguration section */

/* Begin XCConfigurationList section */
		39A189EB1BEE9CF000239E49 /* Build configuration list for PBXProject "Tweets" */ = {
			isa = XCConfigurationList;
			buildConfigurations = (
				39A18A001BEE9CF000239E49 /* Debug */,
				39A18A011BEE9CF000239E49 /* Release */,
			);
			defaultConfigurationIsVisible = 0;
			defaultConfigurationName = Release;
		};
		39A18A021BEE9CF000239E49 /* Build configuration list for PBXNativeTarget "Tweets" */ = {
			isa = XCConfigurationList;
			buildConfigurations = (
				39A18A031BEE9CF000239E49 /* Debug */,
				39A18A041BEE9CF000239E49 /* Release */,
			);
			defaultConfigurationIsVisible = 0;
			defaultConfigurationName = Release;
		};
/* End XCConfigurationList section */
	};
	rootObject = 39A189E81BEE9CF000239E49 /* Project object */;
}
